
Microsoft Visual Studio Solution File, Format Version 12.00
# Visual Studio Version 16
VisualStudioVersion = 16.0.32126.315
MinimumVisualStudioVersion = 10.0.40219.1
Project("{2150E333-8FDC-42A3-9474-1A3956D46DE8}") = "Solution Items", "Solution Items", "{CE294DD6-79DD-4C78-8943-84BD262ED132}"
	ProjectSection(SolutionItems) = preProject
		README.md = README.md
	EndProjectSection
EndProject
Project("{9A19103F-16F7-4668-BE54-9A1E7A4F7556}") = "Exercicio01", "Exercicio02\Exercicio01.csproj", "{95D08F46-6561-4732-AD50-C791E9181933}"
EndProject
Project("{9A19103F-16F7-4668-BE54-9A1E7A4F7556}") = "WebApplication.API", "WebApplication(opcional)\WebApplication.API.csproj", "{C453CDA9-A6B0-4743-9BCE-331FF09201F6}"
EndProject
Project("{FAE04EC0-301F-11D3-BF4B-00C04F79EFBC}") = "WebApplication.DOMAIN", "WebApplication.DOMAIN\WebApplication.DOMAIN.csproj", "{222879AE-0398-4313-A625-626A07104F8C}"
EndProject
Project("{FAE04EC0-301F-11D3-BF4B-00C04F79EFBC}") = "WebApplication.APLICATION", "WebApplication.APLICATION\WebApplication.APLICATION.csproj", "{92D7BD8F-E632-46CD-93FC-2652D8CE8404}"
EndProject
Project("{FAE04EC0-301F-11D3-BF4B-00C04F79EFBC}") = "WebApplication.INFRASTRUCTURE", "WebApplication.INFRASTRUCTURE\WebApplication.INFRASTRUCTURE.csproj", "{DD1B501F-FD0E-4744-87DD-95198E7D0097}"
EndProject
Global
	GlobalSection(SolutionConfigurationPlatforms) = preSolution
		Debug|Any CPU = Debug|Any CPU
		Release|Any CPU = Release|Any CPU
	EndGlobalSection
	GlobalSection(ProjectConfigurationPlatforms) = postSolution
		{95D08F46-6561-4732-AD50-C791E9181933}.Debug|Any CPU.ActiveCfg = Debug|Any CPU
		{95D08F46-6561-4732-AD50-C791E9181933}.Debug|Any CPU.Build.0 = Debug|Any CPU
		{95D08F46-6561-4732-AD50-C791E9181933}.Release|Any CPU.ActiveCfg = Release|Any CPU
		{95D08F46-6561-4732-AD50-C791E9181933}.Release|Any CPU.Build.0 = Release|Any CPU
		{C453CDA9-A6B0-4743-9BCE-331FF09201F6}.Debug|Any CPU.ActiveCfg = Debug|Any CPU
		{C453CDA9-A6B0-4743-9BCE-331FF09201F6}.Debug|Any CPU.Build.0 = Debug|Any CPU
		{C453CDA9-A6B0-4743-9BCE-331FF09201F6}.Release|Any CPU.ActiveCfg = Release|Any CPU
		{C453CDA9-A6B0-4743-9BCE-331FF09201F6}.Release|Any CPU.Build.0 = Release|Any CPU
		{222879AE-0398-4313-A625-626A07104F8C}.Debug|Any CPU.ActiveCfg = Debug|Any CPU
		{222879AE-0398-4313-A625-626A07104F8C}.Debug|Any CPU.Build.0 = Debug|Any CPU
		{222879AE-0398-4313-A625-626A07104F8C}.Release|Any CPU.ActiveCfg = Release|Any CPU
		{222879AE-0398-4313-A625-626A07104F8C}.Release|Any CPU.Build.0 = Release|Any CPU
		{92D7BD8F-E632-46CD-93FC-2652D8CE8404}.Debug|Any CPU.ActiveCfg = Debug|Any CPU
		{92D7BD8F-E632-46CD-93FC-2652D8CE8404}.Debug|Any CPU.Build.0 = Debug|Any CPU
		{92D7BD8F-E632-46CD-93FC-2652D8CE8404}.Release|Any CPU.ActiveCfg = Release|Any CPU
		{92D7BD8F-E632-46CD-93FC-2652D8CE8404}.Release|Any CPU.Build.0 = Release|Any CPU
		{DD1B501F-FD0E-4744-87DD-95198E7D0097}.Debug|Any CPU.ActiveCfg = Debug|Any CPU
		{DD1B501F-FD0E-4744-87DD-95198E7D0097}.Debug|Any CPU.Build.0 = Debug|Any CPU
		{DD1B501F-FD0E-4744-87DD-95198E7D0097}.Release|Any CPU.ActiveCfg = Release|Any CPU
		{DD1B501F-FD0E-4744-87DD-95198E7D0097}.Release|Any CPU.Build.0 = Release|Any CPU
	EndGlobalSection
	GlobalSection(SolutionProperties) = preSolution
		HideSolutionNode = FALSE
	EndGlobalSection
	GlobalSection(ExtensibilityGlobals) = postSolution
		SolutionGuid = {AB503FC4-1AEA-4065-BCE8-5869836C8689}
	EndGlobalSection
EndGlobal
